
Microsoft Visual Studio Solution File, Format Version 12.00
# Visual Studio 15
VisualStudioVersion = 15.0.27130.2026
MinimumVisualStudioVersion = 10.0.40219.1
Project("{9A19103F-16F7-4668-BE54-9A1E7A4F7556}") = "LocalList", "LocalList\LocalList.csproj", "{C1839B12-EA80-47BB-8E8B-DCAA0E88E6B9}"
EndProject
Project("{2150E333-8FDC-42A3-9474-1A3956D46DE8}") = "Run", "Run", "{E8172A6D-9506-400A-AFB3-4122A98DC1E5}"
	ProjectSection(SolutionItems) = preProject
		publish_run.cmd = publish_run.cmd
		run.cmd = run.cmd
	EndProjectSection
EndProject
Global
	GlobalSection(SolutionConfigurationPlatforms) = preSolution
		Debug|Any CPU = Debug|Any CPU
		Release|Any CPU = Release|Any CPU
	EndGlobalSection
	GlobalSection(ProjectConfigurationPlatforms) = postSolution
		{C1839B12-EA80-47BB-8E8B-DCAA0E88E6B9}.Debug|Any CPU.ActiveCfg = Debug|Any CPU
		{C1839B12-EA80-47BB-8E8B-DCAA0E88E6B9}.Debug|Any CPU.Build.0 = Debug|Any CPU
		{C1839B12-EA80-47BB-8E8B-DCAA0E88E6B9}.Release|Any CPU.ActiveCfg = Release|Any CPU
		{C1839B12-EA80-47BB-8E8B-DCAA0E88E6B9}.Release|Any CPU.Build.0 = Release|Any CPU
	EndGlobalSection
	GlobalSection(SolutionProperties) = preSolution
		HideSolutionNode = FALSE
	EndGlobalSection
	GlobalSection(ExtensibilityGlobals) = postSolution
		SolutionGuid = {B10B7877-9D71-421D-BDF8-1573BBAB7294}
	EndGlobalSection
EndGlobal
